
Microsoft Visual Studio Solution File, Format Version 12.00
# Visual Studio Version 16
VisualStudioVersion = 16.0.32002.261
MinimumVisualStudioVersion = 10.0.40219.1
Project("{FAE04EC0-301F-11D3-BF4B-00C04F79EFBC}") = "LoginAspNetCoreEFCore", "LoginAspNetCoreEFCore.csproj", "{60B55897-AA77-4CEC-9D7D-7EA99901C65B}"
EndProject
Global
	GlobalSection(SolutionConfigurationPlatforms) = preSolution
		Debug|Any CPU = Debug|Any CPU
		Release|Any CPU = Release|Any CPU
	EndGlobalSection
	GlobalSection(ProjectConfigurationPlatforms) = postSolution
		{60B55897-AA77-4CEC-9D7D-7EA99901C65B}.Debug|Any CPU.ActiveCfg = Debug|Any CPU
		{60B55897-AA77-4CEC-9D7D-7EA99901C65B}.Debug|Any CPU.Build.0 = Debug|Any CPU
		{60B55897-AA77-4CEC-9D7D-7EA99901C65B}.Release|Any CPU.ActiveCfg = Release|Any CPU
		{60B55897-AA77-4CEC-9D7D-7EA99901C65B}.Release|Any CPU.Build.0 = Release|Any CPU
	EndGlobalSection
	GlobalSection(SolutionProperties) = preSolution
		HideSolutionNode = FALSE
	EndGlobalSection
	GlobalSection(ExtensibilityGlobals) = postSolution
		SolutionGuid = {C6C655DD-8A0B-4EC4-8AE1-48CBE4C5E6BB}
	EndGlobalSection
EndGlobal
